
Microsoft Visual Studio Solution File, Format Version 12.00
# Visual Studio Version 16
VisualStudioVersion = 16.0.30907.101
MinimumVisualStudioVersion = 10.0.40219.1
Project("{FAE04EC0-301F-11D3-BF4B-00C04F79EFBC}") = "test_git_2", "test_git_2\test_git_2.csproj", "{BA0104F5-3E25-454B-82DE-9F9D9D2AC5FE}"
EndProject
Global
	GlobalSection(SolutionConfigurationPlatforms) = preSolution
		Debug|Any CPU = Debug|Any CPU
		Release|Any CPU = Release|Any CPU
	EndGlobalSection
	GlobalSection(ProjectConfigurationPlatforms) = postSolution
		{BA0104F5-3E25-454B-82DE-9F9D9D2AC5FE}.Debug|Any CPU.ActiveCfg = Debug|Any CPU
		{BA0104F5-3E25-454B-82DE-9F9D9D2AC5FE}.Debug|Any CPU.Build.0 = Debug|Any CPU
		{BA0104F5-3E25-454B-82DE-9F9D9D2AC5FE}.Release|Any CPU.ActiveCfg = Release|Any CPU
		{BA0104F5-3E25-454B-82DE-9F9D9D2AC5FE}.Release|Any CPU.Build.0 = Release|Any CPU
	EndGlobalSection
	GlobalSection(SolutionProperties) = preSolution
		HideSolutionNode = FALSE
	EndGlobalSection
	GlobalSection(ExtensibilityGlobals) = postSolution
		SolutionGuid = {401EEBF9-AEEA-40F8-8C71-2FFFA98CC843}
	EndGlobalSection
EndGlobal
